# This file is autogenerated, do not edit; changes may be undone by the next 'dep ensure'.


[[projects]]
  branch = "master"
  name = "github.com/crowdmob/goamz"
  packages = ["aws","cloudwatch"]
  revision = "3a06871fe9fc0281ca90f3a7d97258d042ed64c0"

[[projects]]
  branch = "master"
  name = "github.com/feyeleanor/raw"
  packages = ["."]
  revision = "4ad22e6f1008c9f1100cb970699da776b45be83c"

[[projects]]
  branch = "master"
  name = "github.com/feyeleanor/sets"
  packages = ["."]
  revision = "6c54cb57ea406ff6354256a4847e37298194478f"

[[projects]]
  branch = "master"
  name = "github.com/feyeleanor/slices"
  packages = ["."]
  revision = "145c47818f5f4e3ab04935822b3bd440e54ffc45"

[[projects]]
  branch = "master"
  name = "github.com/mackerelio/go-mackerel-plugin"
  packages = ["."]
  revision = "f0cf8da580123669be8cdc3b8d86568443af0d54"

[[projects]]
  branch = "master"
  name = "github.com/mackerelio/golib"
  packages = ["pluginutil"]
  revision = "f8af1a14676acd67ed7bd1c48c4e95d978b9ce4d"

[solve-meta]
  analyzer-name = "dep"
  analyzer-version = 1
  inputs-digest = "e24612159ee0866f9cc48bc9b98766e496d8ca0d5ae35a9f2b49f2de21cdbfc1"
  solver-name = "gps-cdcl"
  solver-version = 1
